
Microsoft Visual Studio Solution File, Format Version 12.00
# Visual Studio Version 17
VisualStudioVersion = 17.1.32319.34
MinimumVisualStudioVersion = 10.0.40219.1
Project("{9A19103F-16F7-4668-BE54-9A1E7A4F7556}") = "Wizards.BusinessLogic", "Wizards.BusinessLogic\Wizards.BusinessLogic.csproj", "{EF4DBBD5-2FD8-419C-A180-95D6E151E0F6}"
EndProject
Project("{9A19103F-16F7-4668-BE54-9A1E7A4F7556}") = "WizardsWeb", "WizardsWeb\WizardsWeb.csproj", "{9515C09C-CF2C-450A-9DA2-EC4EF360C3C0}"
EndProject
Global
	GlobalSection(SolutionConfigurationPlatforms) = preSolution
		Debug|Any CPU = Debug|Any CPU
		Release|Any CPU = Release|Any CPU
	EndGlobalSection
	GlobalSection(ProjectConfigurationPlatforms) = postSolution
		{EF4DBBD5-2FD8-419C-A180-95D6E151E0F6}.Debug|Any CPU.ActiveCfg = Debug|Any CPU
		{EF4DBBD5-2FD8-419C-A180-95D6E151E0F6}.Debug|Any CPU.Build.0 = Debug|Any CPU
		{EF4DBBD5-2FD8-419C-A180-95D6E151E0F6}.Release|Any CPU.ActiveCfg = Release|Any CPU
		{EF4DBBD5-2FD8-419C-A180-95D6E151E0F6}.Release|Any CPU.Build.0 = Release|Any CPU
		{9515C09C-CF2C-450A-9DA2-EC4EF360C3C0}.Debug|Any CPU.ActiveCfg = Debug|Any CPU
		{9515C09C-CF2C-450A-9DA2-EC4EF360C3C0}.Debug|Any CPU.Build.0 = Debug|Any CPU
		{9515C09C-CF2C-450A-9DA2-EC4EF360C3C0}.Release|Any CPU.ActiveCfg = Release|Any CPU
		{9515C09C-CF2C-450A-9DA2-EC4EF360C3C0}.Release|Any CPU.Build.0 = Release|Any CPU
	EndGlobalSection
	GlobalSection(SolutionProperties) = preSolution
		HideSolutionNode = FALSE
	EndGlobalSection
	GlobalSection(ExtensibilityGlobals) = postSolution
		SolutionGuid = {4358FCB6-855D-41D0-AFC7-90258C0FBFB6}
	EndGlobalSection
EndGlobal
