
Microsoft Visual Studio Solution File, Format Version 12.00
# Visual Studio Version 17
VisualStudioVersion = 17.1.32319.34
MinimumVisualStudioVersion = 10.0.40219.1
Project("{9A19103F-16F7-4668-BE54-9A1E7A4F7556}") = "WizardsWeb", "WizardsWeb\WizardsWeb.csproj", "{9515C09C-CF2C-450A-9DA2-EC4EF360C3C0}"
EndProject
Project("{9A19103F-16F7-4668-BE54-9A1E7A4F7556}") = "Wizards.Core", "Wizards.Core\Wizards.Core.csproj", "{0E42EF92-848E-4624-95C0-21710431FA90}"
EndProject
Project("{9A19103F-16F7-4668-BE54-9A1E7A4F7556}") = "Wizards.Repository", "Wizards.Repository\Wizards.Repository.csproj", "{E7A6468F-DE00-4805-8B71-6916C31A3A98}"
EndProject
Project("{9A19103F-16F7-4668-BE54-9A1E7A4F7556}") = "Wizards.Services", "Wizard.Services\Wizards.Services.csproj", "{A9933089-DC4C-4B51-9E0D-893AF1588484}"
EndProject
Project("{9A19103F-16F7-4668-BE54-9A1E7A4F7556}") = "Wizards.GamePlay", "Wizards.GamePlay\Wizards.GamePlay.csproj", "{5269839B-33A4-4DE5-BE2E-A6FEB2F90799}"
EndProject
Project("{9A19103F-16F7-4668-BE54-9A1E7A4F7556}") = "Wizards.Tests", "Wizards.Tests\Wizards.Tests.csproj", "{A55CE4DC-2E53-4E99-AAC0-AFDC0CD760AE}"
	ProjectSection(ProjectDependencies) = postProject
		{0E42EF92-848E-4624-95C0-21710431FA90} = {0E42EF92-848E-4624-95C0-21710431FA90}
		{5269839B-33A4-4DE5-BE2E-A6FEB2F90799} = {5269839B-33A4-4DE5-BE2E-A6FEB2F90799}
		{9515C09C-CF2C-450A-9DA2-EC4EF360C3C0} = {9515C09C-CF2C-450A-9DA2-EC4EF360C3C0}
		{A9933089-DC4C-4B51-9E0D-893AF1588484} = {A9933089-DC4C-4B51-9E0D-893AF1588484}
		{E7A6468F-DE00-4805-8B71-6916C31A3A98} = {E7A6468F-DE00-4805-8B71-6916C31A3A98}
	EndProjectSection
EndProject
Project("{FAE04EC0-301F-11D3-BF4B-00C04F79EFBC}") = "Wizards.RankingAPI", "Wizards.RankingAPI\Wizards.RankingAPI.csproj", "{3A58C274-6D2A-4E33-BB19-26F148436125}"
EndProject
Global
	GlobalSection(SolutionConfigurationPlatforms) = preSolution
		Debug|Any CPU = Debug|Any CPU
		Release|Any CPU = Release|Any CPU
	EndGlobalSection
	GlobalSection(ProjectConfigurationPlatforms) = postSolution
		{9515C09C-CF2C-450A-9DA2-EC4EF360C3C0}.Debug|Any CPU.ActiveCfg = Debug|Any CPU
		{9515C09C-CF2C-450A-9DA2-EC4EF360C3C0}.Debug|Any CPU.Build.0 = Debug|Any CPU
		{9515C09C-CF2C-450A-9DA2-EC4EF360C3C0}.Release|Any CPU.ActiveCfg = Release|Any CPU
		{9515C09C-CF2C-450A-9DA2-EC4EF360C3C0}.Release|Any CPU.Build.0 = Release|Any CPU
		{0E42EF92-848E-4624-95C0-21710431FA90}.Debug|Any CPU.ActiveCfg = Debug|Any CPU
		{0E42EF92-848E-4624-95C0-21710431FA90}.Debug|Any CPU.Build.0 = Debug|Any CPU
		{0E42EF92-848E-4624-95C0-21710431FA90}.Release|Any CPU.ActiveCfg = Release|Any CPU
		{0E42EF92-848E-4624-95C0-21710431FA90}.Release|Any CPU.Build.0 = Release|Any CPU
		{E7A6468F-DE00-4805-8B71-6916C31A3A98}.Debug|Any CPU.ActiveCfg = Debug|Any CPU
		{E7A6468F-DE00-4805-8B71-6916C31A3A98}.Debug|Any CPU.Build.0 = Debug|Any CPU
		{E7A6468F-DE00-4805-8B71-6916C31A3A98}.Release|Any CPU.ActiveCfg = Release|Any CPU
		{E7A6468F-DE00-4805-8B71-6916C31A3A98}.Release|Any CPU.Build.0 = Release|Any CPU
		{A9933089-DC4C-4B51-9E0D-893AF1588484}.Debug|Any CPU.ActiveCfg = Debug|Any CPU
		{A9933089-DC4C-4B51-9E0D-893AF1588484}.Debug|Any CPU.Build.0 = Debug|Any CPU
		{A9933089-DC4C-4B51-9E0D-893AF1588484}.Release|Any CPU.ActiveCfg = Release|Any CPU
		{A9933089-DC4C-4B51-9E0D-893AF1588484}.Release|Any CPU.Build.0 = Release|Any CPU
		{5269839B-33A4-4DE5-BE2E-A6FEB2F90799}.Debug|Any CPU.ActiveCfg = Debug|Any CPU
		{5269839B-33A4-4DE5-BE2E-A6FEB2F90799}.Debug|Any CPU.Build.0 = Debug|Any CPU
		{5269839B-33A4-4DE5-BE2E-A6FEB2F90799}.Release|Any CPU.ActiveCfg = Release|Any CPU
		{5269839B-33A4-4DE5-BE2E-A6FEB2F90799}.Release|Any CPU.Build.0 = Release|Any CPU
		{A55CE4DC-2E53-4E99-AAC0-AFDC0CD760AE}.Debug|Any CPU.ActiveCfg = Debug|Any CPU
		{A55CE4DC-2E53-4E99-AAC0-AFDC0CD760AE}.Debug|Any CPU.Build.0 = Debug|Any CPU
		{A55CE4DC-2E53-4E99-AAC0-AFDC0CD760AE}.Release|Any CPU.ActiveCfg = Release|Any CPU
		{A55CE4DC-2E53-4E99-AAC0-AFDC0CD760AE}.Release|Any CPU.Build.0 = Release|Any CPU
		{3A58C274-6D2A-4E33-BB19-26F148436125}.Debug|Any CPU.ActiveCfg = Debug|Any CPU
		{3A58C274-6D2A-4E33-BB19-26F148436125}.Debug|Any CPU.Build.0 = Debug|Any CPU
		{3A58C274-6D2A-4E33-BB19-26F148436125}.Release|Any CPU.ActiveCfg = Release|Any CPU
		{3A58C274-6D2A-4E33-BB19-26F148436125}.Release|Any CPU.Build.0 = Release|Any CPU
	EndGlobalSection
	GlobalSection(SolutionProperties) = preSolution
		HideSolutionNode = FALSE
	EndGlobalSection
	GlobalSection(ExtensibilityGlobals) = postSolution
		SolutionGuid = {4358FCB6-855D-41D0-AFC7-90258C0FBFB6}
	EndGlobalSection
EndGlobal
